github.com/cockroachdb/apd/v3 v3.2.3 h1:4Zx+I3R35bFXMnltzmjP79i2cravE4jTRL6ps9Aux80=
github.com/cockroachdb/apd/v3 v3.2.3/go.mod h1:klXJcjp+FffLTHlhIG69tezTDvdP065naDsHzKhYSqc=
github.com/ebitengine/purego v0.11.1 h1:2zpWRSQNVKN4eKsKO9eM1ILDgWfYMY9GwqRmK6XeQ/0=
github.com/ebitengine/purego v0.11.1/go.mod h1:DCHPP08djqhNSoTfImcnHYQRZmd0qhakvrozqaEYhGQ=
github.com/xo/dbimp v0.11.0 h1:8JE6p9LaHUmUCWDtOwQ83EpuofLvUuMeD9KIblGeB6g=
github.com/xo/dbimp v0.11.0/go.mod h1:aQzslxgd1TByjLVc5Whe8EuKQsq8SAgse4tQz1jWXd0=
